PODS:
  - ObjectMapper (1.3.0)
  - Patterns (0.1.1)

DEPENDENCIES:
  - ObjectMapper (~> 1.3)
  - Patterns

SPEC CHECKSUMS:
  ObjectMapper: 4eb08a726e9791a93b2632049951b56a7c17e471
  Patterns: 18af3fd3adc7cc0d12bcf309513eb5d842ac7236

PODFILE CHECKSUM: 56a7126b84196c69ecf0044cedd711837568f10b

COCOAPODS: 1.0.1
